// !$*UTF8*$!
{
	archiveVersion = 1;
	classes = {
	};
	objectVersion = 50;
	objects = {

/* Begin PBXBuildFile section */
		BB01D32D227324B80038064F /* CustomTextField.swift in Sources */ = {isa = PBXBuildFile; fileRef = BB01D32C227324B80038064F /* CustomTextField.swift */; };
		BB01D781226DEC58004FCB5C /* HomeBottomControlsStackView.swift in Sources */ = {isa = PBXBuildFile; fileRef = BB01D780226DEC58004FCB5C /* HomeBottomControlsStackView.swift */; };
		BB01D783226DF3D4004FCB5C /* TopNavigationStackView.swift in Sources */ = {isa = PBXBuildFile; fileRef = BB01D782226DF3D4004FCB5C /* TopNavigationStackView.swift */; };
		BB01D785226DFC8A004FCB5C /* CardView.swift in Sources */ = {isa = PBXBuildFile; fileRef = BB01D784226DFC8A004FCB5C /* CardView.swift */; };
		BB035DAF22786CB70055F46E /* GoogleService-Info.plist in Resources */ = {isa = PBXBuildFile; fileRef = BB035DAE22786CB70055F46E /* GoogleService-Info.plist */; };
		BB035DB122787B5C0055F46E /* Bindable.swift in Sources */ = {isa = PBXBuildFile; fileRef = BB035DB022787B5C0055F46E /* Bindable.swift */; };
		BB04708D2273E5090042FAF1 /* RegistrationViewModel.swift in Sources */ = {isa = PBXBuildFile; fileRef = BB04708C2273E5090042FAF1 /* RegistrationViewModel.swift */; };
		BB051746227F62B70058190A /* AgeRangeCell.swift in Sources */ = {isa = PBXBuildFile; fileRef = BB051745227F62B70058190A /* AgeRangeCell.swift */; };
		BB05C423227DBC5400B7B165 /* SettingsCell.swift in Sources */ = {isa = PBXBuildFile; fileRef = BB05C422227DBC5400B7B165 /* SettingsCell.swift */; };
		BB05EF41226CA68F002BB5C8 /* AppDelegate.swift in Sources */ = {isa = PBXBuildFile; fileRef = BB05EF40226CA68F002BB5C8 /* AppDelegate.swift */; };
		BB05EF43226CA68F002BB5C8 /* HomeController.swift in Sources */ = {isa = PBXBuildFile; fileRef = BB05EF42226CA68F002BB5C8 /* HomeController.swift */; };
		BB05EF46226CA68F002BB5C8 /* Main.storyboard in Resources */ = {isa = PBXBuildFile; fileRef = BB05EF44226CA68F002BB5C8 /* Main.storyboard */; };
		BB05EF48226CA691002BB5C8 /* Assets.xcassets in Resources */ = {isa = PBXBuildFile; fileRef = BB05EF47226CA691002BB5C8 /* Assets.xcassets */; };
		BB05EF4B226CA691002BB5C8 /* LaunchScreen.storyboard in Resources */ = {isa = PBXBuildFile; fileRef = BB05EF49226CA691002BB5C8 /* LaunchScreen.storyboard */; };
		BB05EF54226CA9FB002BB5C8 /* Extensions.swift in Sources */ = {isa = PBXBuildFile; fileRef = BB05EF53226CA9FB002BB5C8 /* Extensions.swift */; };
		BB0632DF226EAC06006E647A /* User.swift in Sources */ = {isa = PBXBuildFile; fileRef = BB0632DE226EAC06006E647A /* User.swift */; };
		BB7F24F52281B3770061644D /* UserDetailsController.swift in Sources */ = {isa = PBXBuildFile; fileRef = BB7F24F42281B3770061644D /* UserDetailsController.swift */; };
		BB828737226F2E8B0080C2BD /* CardViewModel.swift in Sources */ = {isa = PBXBuildFile; fileRef = BB828736226F2E8B0080C2BD /* CardViewModel.swift */; };
		BB828739226F34C00080C2BD /* Advertiser.swift in Sources */ = {isa = PBXBuildFile; fileRef = BB828738226F34C00080C2BD /* Advertiser.swift */; };
		BB931F7B228260370038E38B /* SwipingPhotosController.swift in Sources */ = {isa = PBXBuildFile; fileRef = BB931F7A228260370038E38B /* SwipingPhotosController.swift */; };
		BB9C787E22811CBC00F58940 /* LoginController.swift in Sources */ = {isa = PBXBuildFile; fileRef = BB9C787D22811CBC00F58940 /* LoginController.swift */; };
		BB9C788022811CE200F58940 /* LoginViewModel.swift in Sources */ = {isa = PBXBuildFile; fileRef = BB9C787F22811CE200F58940 /* LoginViewModel.swift */; };
		BB9C788222812EBA00F58940 /* Firebase+Utils.swift in Sources */ = {isa = PBXBuildFile; fileRef = BB9C788122812EBA00F58940 /* Firebase+Utils.swift */; };
		BBA20C10227297FD007C41A3 /* RegistrationController.swift in Sources */ = {isa = PBXBuildFile; fileRef = BBA20C0F227297FD007C41A3 /* RegistrationController.swift */; };
		BBB1CA92227D19470005631A /* SettingsController.swift in Sources */ = {isa = PBXBuildFile; fileRef = BBB1CA91227D19470005631A /* SettingsController.swift */; };
		FD542CDF07E1490C826267BA /* Pods_TinderFirestore.framework in Frameworks */ = {isa = PBXBuildFile; fileRef = FE33B7FCA6BA4FB78A2EEE8E /* Pods_TinderFirestore.framework */; };
/* End PBXBuildFile section */

/* Begin PBXFileReference section */
		4E0A2D138FBB13C7E5F8C4FC /* Pods-TinderFirestore.debug.xcconfig */ = {isa = PBXFileReference; includeInIndex = 1; lastKnownFileType = text.xcconfig; name = "Pods-TinderFirestore.debug.xcconfig"; path = "Target Support Files/Pods-TinderFirestore/Pods-TinderFirestore.debug.xcconfig"; sourceTree = "<group>"; };
		5403E03C69C111256385F42B /* Pods-TinderFirestore.release.xcconfig */ = {isa = PBXFileReference; includeInIndex = 1; lastKnownFileType = text.xcconfig; name = "Pods-TinderFirestore.release.xcconfig"; path = "Target Support Files/Pods-TinderFirestore/Pods-TinderFirestore.release.xcconfig"; sourceTree = "<group>"; };
		BB01D32C227324B80038064F /* CustomTextField.swift */ = {isa = PBXFileReference; lastKnownFileType = sourcecode.swift; path = CustomTextField.swift; sourceTree = "<group>"; };
		BB01D780226DEC58004FCB5C /* HomeBottomControlsStackView.swift */ = {isa = PBXFileReference; lastKnownFileType = sourcecode.swift; path = HomeBottomControlsStackView.swift; sourceTree = "<group>"; };
		BB01D782226DF3D4004FCB5C /* TopNavigationStackView.swift */ = {isa = PBXFileReference; lastKnownFileType = sourcecode.swift; path = TopNavigationStackView.swift; sourceTree = "<group>"; };
		BB01D784226DFC8A004FCB5C /* CardView.swift */ = {isa = PBXFileReference; lastKnownFileType = sourcecode.swift; path = CardView.swift; sourceTree = "<group>"; };
		BB035DAE22786CB70055F46E /* GoogleService-Info.plist */ = {isa = PBXFileReference; fileEncoding = 4; lastKnownFileType = text.plist.xml; path = "GoogleService-Info.plist"; sourceTree = "<group>"; };
		BB035DB022787B5C0055F46E /* Bindable.swift */ = {isa = PBXFileReference; lastKnownFileType = sourcecode.swift; path = Bindable.swift; sourceTree = "<group>"; };
		BB04708C2273E5090042FAF1 /* RegistrationViewModel.swift */ = {isa = PBXFileReference; lastKnownFileType = sourcecode.swift; path = RegistrationViewModel.swift; sourceTree = "<group>"; };
		BB051745227F62B70058190A /* AgeRangeCell.swift */ = {isa = PBXFileReference; lastKnownFileType = sourcecode.swift; path = AgeRangeCell.swift; sourceTree = "<group>"; };
		BB05C422227DBC5400B7B165 /* SettingsCell.swift */ = {isa = PBXFileReference; lastKnownFileType = sourcecode.swift; path = SettingsCell.swift; sourceTree = "<group>"; };
		BB05EF3D226CA68F002BB5C8 /* TinderFirestore.app */ = {isa = PBXFileReference; explicitFileType = wrapper.application; includeInIndex = 0; path = TinderFirestore.app; sourceTree = BUILT_PRODUCTS_DIR; };
		BB05EF40226CA68F002BB5C8 /* AppDelegate.swift */ = {isa = PBXFileReference; lastKnownFileType = sourcecode.swift; path = AppDelegate.swift; sourceTree = "<group>"; };
		BB05EF42226CA68F002BB5C8 /* HomeController.swift */ = {isa = PBXFileReference; lastKnownFileType = sourcecode.swift; path = HomeController.swift; sourceTree = "<group>"; };
		BB05EF45226CA68F002BB5C8 /* Base */ = {isa = PBXFileReference; lastKnownFileType = file.storyboard; name = Base; path = Base.lproj/Main.storyboard; sourceTree = "<group>"; };
		BB05EF47226CA691002BB5C8 /* Assets.xcassets */ = {isa = PBXFileReference; lastKnownFileType = folder.assetcatalog; path = Assets.xcassets; sourceTree = "<group>"; };
		BB05EF4A226CA691002BB5C8 /* Base */ = {isa = PBXFileReference; lastKnownFileType = file.storyboard; name = Base; path = Base.lproj/LaunchScreen.storyboard; sourceTree = "<group>"; };
		BB05EF4C226CA691002BB5C8 /* Info.plist */ = {isa = PBXFileReference; lastKnownFileType = text.plist.xml; path = Info.plist; sourceTree = "<group>"; };
		BB05EF53226CA9FB002BB5C8 /* Extensions.swift */ = {isa = PBXFileReference; lastKnownFileType = sourcecode.swift; path = Extensions.swift; sourceTree = "<group>"; };
		BB0632DE226EAC06006E647A /* User.swift */ = {isa = PBXFileReference; lastKnownFileType = sourcecode.swift; path = User.swift; sourceTree = "<group>"; };
		BB7F24F42281B3770061644D /* UserDetailsController.swift */ = {isa = PBXFileReference; lastKnownFileType = sourcecode.swift; path = UserDetailsController.swift; sourceTree = "<group>"; tabWidth = 1; };
		BB828736226F2E8B0080C2BD /* CardViewModel.swift */ = {isa = PBXFileReference; lastKnownFileType = sourcecode.swift; path = CardViewModel.swift; sourceTree = "<group>"; };
		BB828738226F34C00080C2BD /* Advertiser.swift */ = {isa = PBXFileReference; lastKnownFileType = sourcecode.swift; path = Advertiser.swift; sourceTree = "<group>"; };
		BB931F7A228260370038E38B /* SwipingPhotosController.swift */ = {isa = PBXFileReference; lastKnownFileType = sourcecode.swift; path = SwipingPhotosController.swift; sourceTree = "<group>"; };
		BB9C787D22811CBC00F58940 /* LoginController.swift */ = {isa = PBXFileReference; lastKnownFileType = sourcecode.swift; path = LoginController.swift; sourceTree = "<group>"; };
		BB9C787F22811CE200F58940 /* LoginViewModel.swift */ = {isa = PBXFileReference; lastKnownFileType = sourcecode.swift; path = LoginViewModel.swift; sourceTree = "<group>"; };
		BB9C788122812EBA00F58940 /* Firebase+Utils.swift */ = {isa = PBXFileReference; lastKnownFileType = sourcecode.swift; path = "Firebase+Utils.swift"; sourceTree = "<group>"; };
		BBA20C0F227297FD007C41A3 /* RegistrationController.swift */ = {isa = PBXFileReference; lastKnownFileType = sourcecode.swift; path = RegistrationController.swift; sourceTree = "<group>"; };
		BBB1CA91227D19470005631A /* SettingsController.swift */ = {isa = PBXFileReference; lastKnownFileType = sourcecode.swift; path = SettingsController.swift; sourceTree = "<group>"; };
		FE33B7FCA6BA4FB78A2EEE8E /* Pods_TinderFirestore.framework */ = {isa = PBXFileReference; explicitFileType = wrapper.framework; includeInIndex = 0; path = Pods_TinderFirestore.framework; sourceTree = BUILT_PRODUCTS_DIR; };
/* End PBXFileReference section */

/* Begin PBXFrameworksBuildPhase section */
		BB05EF3A226CA68F002BB5C8 /* Frameworks */ = {
			isa = PBXFrameworksBuildPhase;
			buildActionMask = 2147483647;
			files = (
				FD542CDF07E1490C826267BA /* Pods_TinderFirestore.framework in Frameworks */,
			);
			runOnlyForDeploymentPostprocessing = 0;
		};
/* End PBXFrameworksBuildPhase section */

/* Begin PBXGroup section */
		3B330BFA9BF2EEB0C48FB3DF /* Frameworks */ = {
			isa = PBXGroup;
			children = (
				FE33B7FCA6BA4FB78A2EEE8E /* Pods_TinderFirestore.framework */,
			);
			name = Frameworks;
			sourceTree = "<group>";
		};
		AA260CA7DFDFBE18FE957B66 /* Pods */ = {
			isa = PBXGroup;
			children = (
				4E0A2D138FBB13C7E5F8C4FC /* Pods-TinderFirestore.debug.xcconfig */,
				5403E03C69C111256385F42B /* Pods-TinderFirestore.release.xcconfig */,
			);
			path = Pods;
			sourceTree = "<group>";
		};
		BB01D77F226DEC1F004FCB5C /* Views */ = {
			isa = PBXGroup;
			children = (
				BB01D780226DEC58004FCB5C /* HomeBottomControlsStackView.swift */,
				BB01D782226DF3D4004FCB5C /* TopNavigationStackView.swift */,
				BB01D784226DFC8A004FCB5C /* CardView.swift */,
				BB05C422227DBC5400B7B165 /* SettingsCell.swift */,
				BB051745227F62B70058190A /* AgeRangeCell.swift */,
			);
			path = Views;
			sourceTree = "<group>";
		};
		BB05EF34226CA68F002BB5C8 = {
			isa = PBXGroup;
			children = (
				BB05EF3F226CA68F002BB5C8 /* TinderFirestore */,
				BB05EF3E226CA68F002BB5C8 /* Products */,
				AA260CA7DFDFBE18FE957B66 /* Pods */,
				3B330BFA9BF2EEB0C48FB3DF /* Frameworks */,
			);
			sourceTree = "<group>";
		};
		BB05EF3E226CA68F002BB5C8 /* Products */ = {
			isa = PBXGroup;
			children = (
				BB05EF3D226CA68F002BB5C8 /* TinderFirestore.app */,
			);
			name = Products;
			sourceTree = "<group>";
		};
		BB05EF3F226CA68F002BB5C8 /* TinderFirestore */ = {
			isa = PBXGroup;
			children = (
				BB828735226F2E540080C2BD /* ViewModels */,
				BB0632DD226EABF5006E647A /* Model */,
				BB01D77F226DEC1F004FCB5C /* Views */,
				BB828734226F2DC20080C2BD /* Controllers */,
				BB05EF52226CA9C7002BB5C8 /* Extensions */,
				BB05EF40226CA68F002BB5C8 /* AppDelegate.swift */,
				BB05EF44226CA68F002BB5C8 /* Main.storyboard */,
				BB05EF47226CA691002BB5C8 /* Assets.xcassets */,
				BB05EF49226CA691002BB5C8 /* LaunchScreen.storyboard */,
				BB05EF4C226CA691002BB5C8 /* Info.plist */,
				BB035DAE22786CB70055F46E /* GoogleService-Info.plist */,
			);
			path = TinderFirestore;
			sourceTree = "<group>";
		};
		BB05EF52226CA9C7002BB5C8 /* Extensions */ = {
			isa = PBXGroup;
			children = (
				BB05EF53226CA9FB002BB5C8 /* Extensions.swift */,
				BB9C788122812EBA00F58940 /* Firebase+Utils.swift */,
			);
			path = Extensions;
			sourceTree = "<group>";
		};
		BB0632DD226EABF5006E647A /* Model */ = {
			isa = PBXGroup;
			children = (
				BB0632DE226EAC06006E647A /* User.swift */,
				BB828738226F34C00080C2BD /* Advertiser.swift */,
			);
			path = Model;
			sourceTree = "<group>";
		};
		BB7F24F32281B3320061644D /* UserDetails */ = {
			isa = PBXGroup;
			children = (
				BB7F24F42281B3770061644D /* UserDetailsController.swift */,
				BB931F7A228260370038E38B /* SwipingPhotosController.swift */,
			);
			path = UserDetails;
			sourceTree = "<group>";
		};
		BB828734226F2DC20080C2BD /* Controllers */ = {
			isa = PBXGroup;
			children = (
				BB7F24F32281B3320061644D /* UserDetails */,
				BB9C787C22811C7B00F58940 /* Login */,
				BB05EF42226CA68F002BB5C8 /* HomeController.swift */,
				BBA20C0F227297FD007C41A3 /* RegistrationController.swift */,
				BB01D32C227324B80038064F /* CustomTextField.swift */,
				BB035DB022787B5C0055F46E /* Bindable.swift */,
				BBB1CA91227D19470005631A /* SettingsController.swift */,
			);
			path = Controllers;
			sourceTree = "<group>";
		};
		BB828735226F2E540080C2BD /* ViewModels */ = {
			isa = PBXGroup;
			children = (
				BB9C787F22811CE200F58940 /* LoginViewModel.swift */,
				BB04708C2273E5090042FAF1 /* RegistrationViewModel.swift */,
				BB828736226F2E8B0080C2BD /* CardViewModel.swift */,
			);
			path = ViewModels;
			sourceTree = "<group>";
		};
		BB9C787C22811C7B00F58940 /* Login */ = {
			isa = PBXGroup;
			children = (
				BB9C787D22811CBC00F58940 /* LoginController.swift */,
			);
			path = Login;
			sourceTree = "<group>";
		};
/* End PBXGroup section */

/* Begin PBXNativeTarget section */
		BB05EF3C226CA68F002BB5C8 /* TinderFirestore */ = {
			isa = PBXNativeTarget;
			buildConfigurationList = BB05EF4F226CA691002BB5C8 /* Build configuration list for PBXNativeTarget "TinderFirestore" */;
			buildPhases = (
				9606A79CBBE2A86EC7D9299D /* [CP] Check Pods Manifest.lock */,
				BB05EF39226CA68F002BB5C8 /* Sources */,
				BB05EF3A226CA68F002BB5C8 /* Frameworks */,
				BB05EF3B226CA68F002BB5C8 /* Resources */,
				6FB583ED742D8753720702F2 /* [CP] Embed Pods Frameworks */,
			);
			buildRules = (
			);
			dependencies = (
			);
			name = TinderFirestore;
			productName = TinderFirestore;
			productReference = BB05EF3D226CA68F002BB5C8 /* TinderFirestore.app */;
			productType = "com.apple.product-type.application";
		};
/* End PBXNativeTarget section */

/* Begin PBXProject section */
		BB05EF35226CA68F002BB5C8 /* Project object */ = {
			isa = PBXProject;
			attributes = {
				LastSwiftUpdateCheck = 1020;
				LastUpgradeCheck = 1020;
				ORGANIZATIONNAME = "Frank Ferreira";
				TargetAttributes = {
					BB05EF3C226CA68F002BB5C8 = {
						CreatedOnToolsVersion = 10.2.1;
					};
				};
			};
			buildConfigurationList = BB05EF38226CA68F002BB5C8 /* Build configuration list for PBXProject "TinderFirestore" */;
			compatibilityVersion = "Xcode 9.3";
			developmentRegion = en;
			hasScannedForEncodings = 0;
			knownRegions = (
				en,
				Base,
			);
			mainGroup = BB05EF34226CA68F002BB5C8;
			productRefGroup = BB05EF3E226CA68F002BB5C8 /* Products */;
			projectDirPath = "";
			projectRoot = "";
			targets = (
				BB05EF3C226CA68F002BB5C8 /* TinderFirestore */,
			);
		};
/* End PBXProject section */

/* Begin PBXResourcesBuildPhase section */
		BB05EF3B226CA68F002BB5C8 /* Resources */ = {
			isa = PBXResourcesBuildPhase;
			buildActionMask = 2147483647;
			files = (
				BB05EF4B226CA691002BB5C8 /* LaunchScreen.storyboard in Resources */,
				BB05EF48226CA691002BB5C8 /* Assets.xcassets in Resources */,
				BB035DAF22786CB70055F46E /* GoogleService-Info.plist in Resources */,
				BB05EF46226CA68F002BB5C8 /* Main.storyboard in Resources */,
			);
			runOnlyForDeploymentPostprocessing = 0;
		};
/* End PBXResourcesBuildPhase section */

/* Begin PBXShellScriptBuildPhase section */
		6FB583ED742D8753720702F2 /* [CP] Embed Pods Frameworks */ = {
			isa = PBXShellScriptBuildPhase;
			buildActionMask = 2147483647;
			files = (
			);
			inputFileListPaths = (
			);
			inputPaths = (
				"${PODS_ROOT}/Target Support Files/Pods-TinderFirestore/Pods-TinderFirestore-frameworks.sh",
				"${BUILT_PRODUCTS_DIR}/BoringSSL-GRPC/openssl_grpc.framework",
				"${BUILT_PRODUCTS_DIR}/GTMSessionFetcher/GTMSessionFetcher.framework",
				"${BUILT_PRODUCTS_DIR}/GoogleUtilities/GoogleUtilities.framework",
				"${BUILT_PRODUCTS_DIR}/JGProgressHUD/JGProgressHUD.framework",
				"${BUILT_PRODUCTS_DIR}/Protobuf/Protobuf.framework",
				"${BUILT_PRODUCTS_DIR}/SDWebImage/SDWebImage.framework",
				"${BUILT_PRODUCTS_DIR}/gRPC-C++/grpcpp.framework",
				"${BUILT_PRODUCTS_DIR}/gRPC-Core/grpc.framework",
				"${BUILT_PRODUCTS_DIR}/leveldb-library/leveldb.framework",
				"${BUILT_PRODUCTS_DIR}/nanopb/nanopb.framework",
			);
			name = "[CP] Embed Pods Frameworks";
			outputFileListPaths = (
			);
			outputPaths = (
				"${TARGET_BUILD_DIR}/${FRAMEWORKS_FOLDER_PATH}/openssl_grpc.framework",
				"${TARGET_BUILD_DIR}/${FRAMEWORKS_FOLDER_PATH}/GTMSessionFetcher.framework",
				"${TARGET_BUILD_DIR}/${FRAMEWORKS_FOLDER_PATH}/GoogleUtilities.framework",
				"${TARGET_BUILD_DIR}/${FRAMEWORKS_FOLDER_PATH}/JGProgressHUD.framework",
				"${TARGET_BUILD_DIR}/${FRAMEWORKS_FOLDER_PATH}/Protobuf.framework",
				"${TARGET_BUILD_DIR}/${FRAMEWORKS_FOLDER_PATH}/SDWebImage.framework",
				"${TARGET_BUILD_DIR}/${FRAMEWORKS_FOLDER_PATH}/grpcpp.framework",
				"${TARGET_BUILD_DIR}/${FRAMEWORKS_FOLDER_PATH}/grpc.framework",
				"${TARGET_BUILD_DIR}/${FRAMEWORKS_FOLDER_PATH}/leveldb.framework",
				"${TARGET_BUILD_DIR}/${FRAMEWORKS_FOLDER_PATH}/nanopb.framework",
			);
			runOnlyForDeploymentPostprocessing = 0;
			shellPath = /bin/sh;
			shellScript = "\"${PODS_ROOT}/Target Support Files/Pods-TinderFirestore/Pods-TinderFirestore-frameworks.sh\"\n";
			showEnvVarsInLog = 0;
		};
		9606A79CBBE2A86EC7D9299D /* [CP] Check Pods Manifest.lock */ = {
			isa = PBXShellScriptBuildPhase;
			buildActionMask = 2147483647;
			files = (
			);
			inputFileListPaths = (
			);
			inputPaths = (
				"${PODS_PODFILE_DIR_PATH}/Podfile.lock",
				"${PODS_ROOT}/Manifest.lock",
			);
			name = "[CP] Check Pods Manifest.lock";
			outputFileListPaths = (
			);
			outputPaths = (
				"$(DERIVED_FILE_DIR)/Pods-TinderFirestore-checkManifestLockResult.txt",
			);
			runOnlyForDeploymentPostprocessing = 0;
			shellPath = /bin/sh;
			shellScript = "diff \"${PODS_PODFILE_DIR_PATH}/Podfile.lock\" \"${PODS_ROOT}/Manifest.lock\" > /dev/null\nif [ $? != 0 ] ; then\n    # print error to STDERR\n    echo \"error: The sandbox is not in sync with the Podfile.lock. Run 'pod install' or update your CocoaPods installation.\" >&2\n    exit 1\nfi\n# This output is used by Xcode 'outputs' to avoid re-running this script phase.\necho \"SUCCESS\" > \"${SCRIPT_OUTPUT_FILE_0}\"\n";
			showEnvVarsInLog = 0;
		};
/* End PBXShellScriptBuildPhase section */

/* Begin PBXSourcesBuildPhase section */
		BB05EF39226CA68F002BB5C8 /* Sources */ = {
			isa = PBXSourcesBuildPhase;
			buildActionMask = 2147483647;
			files = (
				BB035DB122787B5C0055F46E /* Bindable.swift in Sources */,
				BB05EF43226CA68F002BB5C8 /* HomeController.swift in Sources */,
				BB04708D2273E5090042FAF1 /* RegistrationViewModel.swift in Sources */,
				BB01D32D227324B80038064F /* CustomTextField.swift in Sources */,
				BB01D781226DEC58004FCB5C /* HomeBottomControlsStackView.swift in Sources */,
				BB828739226F34C00080C2BD /* Advertiser.swift in Sources */,
				BB05EF54226CA9FB002BB5C8 /* Extensions.swift in Sources */,
				BB7F24F52281B3770061644D /* UserDetailsController.swift in Sources */,
				BB051746227F62B70058190A /* AgeRangeCell.swift in Sources */,
				BB05EF41226CA68F002BB5C8 /* AppDelegate.swift in Sources */,
				BB828737226F2E8B0080C2BD /* CardViewModel.swift in Sources */,
				BB9C788222812EBA00F58940 /* Firebase+Utils.swift in Sources */,
				BB01D785226DFC8A004FCB5C /* CardView.swift in Sources */,
				BBB1CA92227D19470005631A /* SettingsController.swift in Sources */,
				BB9C787E22811CBC00F58940 /* LoginController.swift in Sources */,
				BB01D783226DF3D4004FCB5C /* TopNavigationStackView.swift in Sources */,
				BB0632DF226EAC06006E647A /* User.swift in Sources */,
				BBA20C10227297FD007C41A3 /* RegistrationController.swift in Sources */,
				BB9C788022811CE200F58940 /* LoginViewModel.swift in Sources */,
				BB05C423227DBC5400B7B165 /* SettingsCell.swift in Sources */,
				BB931F7B228260370038E38B /* SwipingPhotosController.swift in Sources */,
			);
			runOnlyForDeploymentPostprocessing = 0;
		};
/* End PBXSourcesBuildPhase section */

/* Begin PBXVariantGroup section */
		BB05EF44226CA68F002BB5C8 /* Main.storyboard */ = {
			isa = PBXVariantGroup;
			children = (
				BB05EF45226CA68F002BB5C8 /* Base */,
			);
			name = Main.storyboard;
			sourceTree = "<group>";
		};
		BB05EF49226CA691002BB5C8 /* LaunchScreen.storyboard */ = {
			isa = PBXVariantGroup;
			children = (
				BB05EF4A226CA691002BB5C8 /* Base */,
			);
			name = LaunchScreen.storyboard;
			sourceTree = "<group>";
		};
/* End PBXVariantGroup section */

/* Begin XCBuildConfiguration section */
		BB05EF4D226CA691002BB5C8 /* Debug */ = {
			isa = XCBuildConfiguration;
			buildSettings = {
				ALWAYS_SEARCH_USER_PATHS = NO;
				CLANG_ANALYZER_NONNULL = YES;
				CLANG_ANALYZER_NUMBER_OBJECT_CONVERSION = YES_AGGRESSIVE;
				CLANG_CXX_LANGUAGE_STANDARD = "gnu++14";
				CLANG_CXX_LIBRARY = "libc++";
				CLANG_ENABLE_MODULES = YES;
				CLANG_ENABLE_OBJC_ARC = YES;
				CLANG_ENABLE_OBJC_WEAK = YES;
				CLANG_WARN_BLOCK_CAPTURE_AUTORELEASING = YES;
				CLANG_WARN_BOOL_CONVERSION = YES;
				CLANG_WARN_COMMA = YES;
				CLANG_WARN_CONSTANT_CONVERSION = YES;
				CLANG_WARN_DEPRECATED_OBJC_IMPLEMENTATIONS = YES;
				CLANG_WARN_DIRECT_OBJC_ISA_USAGE = YES_ERROR;
				CLANG_WARN_DOCUMENTATION_COMMENTS = YES;
				CLANG_WARN_EMPTY_BODY = YES;
				CLANG_WARN_ENUM_CONVERSION = YES;
				CLANG_WARN_INFINITE_RECURSION = YES;
				CLANG_WARN_INT_CONVERSION = YES;
				CLANG_WARN_NON_LITERAL_NULL_CONVERSION = YES;
				CLANG_WARN_OBJC_IMPLICIT_RETAIN_SELF = YES;
				CLANG_WARN_OBJC_LITERAL_CONVERSION = YES;
				CLANG_WARN_OBJC_ROOT_CLASS = YES_ERROR;
				CLANG_WARN_RANGE_LOOP_ANALYSIS = YES;
				CLANG_WARN_STRICT_PROTOTYPES = YES;
				CLANG_WARN_SUSPICIOUS_MOVE = YES;
				CLANG_WARN_UNGUARDED_AVAILABILITY = YES_AGGRESSIVE;
				CLANG_WARN_UNREACHABLE_CODE = YES;
				CLANG_WARN__DUPLICATE_METHOD_MATCH = YES;
				CODE_SIGN_IDENTITY = "iPhone Developer";
				COPY_PHASE_STRIP = NO;
				DEBUG_INFORMATION_FORMAT = dwarf;
				ENABLE_STRICT_OBJC_MSGSEND = YES;
				ENABLE_TESTABILITY = YES;
				GCC_C_LANGUAGE_STANDARD = gnu11;
				GCC_DYNAMIC_NO_PIC = NO;
				GCC_NO_COMMON_BLOCKS = YES;
				GCC_OPTIMIZATION_LEVEL = 0;
				GCC_PREPROCESSOR_DEFINITIONS = (
					"DEBUG=1",
					"$(inherited)",
				);
				GCC_WARN_64_TO_32_BIT_CONVERSION = YES;
				GCC_WARN_ABOUT_RETURN_TYPE = YES_ERROR;
				GCC_WARN_UNDECLARED_SELECTOR = YES;
				GCC_WARN_UNINITIALIZED_AUTOS = YES_AGGRESSIVE;
				GCC_WARN_UNUSED_FUNCTION = YES;
				GCC_WARN_UNUSED_VARIABLE = YES;
				IPHONEOS_DEPLOYMENT_TARGET = 12.2;
				MTL_ENABLE_DEBUG_INFO = INCLUDE_SOURCE;
				MTL_FAST_MATH = YES;
				ONLY_ACTIVE_ARCH = YES;
				SDKROOT = iphoneos;
				SWIFT_ACTIVE_COMPILATION_CONDITIONS = DEBUG;
				SWIFT_OPTIMIZATION_LEVEL = "-Onone";
			};
			name = Debug;
		};
		BB05EF4E226CA691002BB5C8 /* Release */ = {
			isa = XCBuildConfiguration;
			buildSettings = {
				ALWAYS_SEARCH_USER_PATHS = NO;
				CLANG_ANALYZER_NONNULL = YES;
				CLANG_ANALYZER_NUMBER_OBJECT_CONVERSION = YES_AGGRESSIVE;
				CLANG_CXX_LANGUAGE_STANDARD = "gnu++14";
				CLANG_CXX_LIBRARY = "libc++";
				CLANG_ENABLE_MODULES = YES;
				CLANG_ENABLE_OBJC_ARC = YES;
				CLANG_ENABLE_OBJC_WEAK = YES;
				CLANG_WARN_BLOCK_CAPTURE_AUTORELEASING = YES;
				CLANG_WARN_BOOL_CONVERSION = YES;
				CLANG_WARN_COMMA = YES;
				CLANG_WARN_CONSTANT_CONVERSION = YES;
				CLANG_WARN_DEPRECATED_OBJC_IMPLEMENTATIONS = YES;
				CLANG_WARN_DIRECT_OBJC_ISA_USAGE = YES_ERROR;
				CLANG_WARN_DOCUMENTATION_COMMENTS = YES;
				CLANG_WARN_EMPTY_BODY = YES;
				CLANG_WARN_ENUM_CONVERSION = YES;
				CLANG_WARN_INFINITE_RECURSION = YES;
				CLANG_WARN_INT_CONVERSION = YES;
				CLANG_WARN_NON_LITERAL_NULL_CONVERSION = YES;
				CLANG_WARN_OBJC_IMPLICIT_RETAIN_SELF = YES;
				CLANG_WARN_OBJC_LITERAL_CONVERSION = YES;
				CLANG_WARN_OBJC_ROOT_CLASS = YES_ERROR;
				CLANG_WARN_RANGE_LOOP_ANALYSIS = YES;
				CLANG_WARN_STRICT_PROTOTYPES = YES;
				CLANG_WARN_SUSPICIOUS_MOVE = YES;
				CLANG_WARN_UNGUARDED_AVAILABILITY = YES_AGGRESSIVE;
				CLANG_WARN_UNREACHABLE_CODE = YES;
				CLANG_WARN__DUPLICATE_METHOD_MATCH = YES;
				CODE_SIGN_IDENTITY = "iPhone Developer";
				COPY_PHASE_STRIP = NO;
				DEBUG_INFORMATION_FORMAT = "dwarf-with-dsym";
				ENABLE_NS_ASSERTIONS = NO;
				ENABLE_STRICT_OBJC_MSGSEND = YES;
				GCC_C_LANGUAGE_STANDARD = gnu11;
				GCC_NO_COMMON_BLOCKS = YES;
				GCC_WARN_64_TO_32_BIT_CONVERSION = YES;
				GCC_WARN_ABOUT_RETURN_TYPE = YES_ERROR;
				GCC_WARN_UNDECLARED_SELECTOR = YES;
				GCC_WARN_UNINITIALIZED_AUTOS = YES_AGGRESSIVE;
				GCC_WARN_UNUSED_FUNCTION = YES;
				GCC_WARN_UNUSED_VARIABLE = YES;
				IPHONEOS_DEPLOYMENT_TARGET = 12.2;
				MTL_ENABLE_DEBUG_INFO = NO;
				MTL_FAST_MATH = YES;
				SDKROOT = iphoneos;
				SWIFT_COMPILATION_MODE = wholemodule;
				SWIFT_OPTIMIZATION_LEVEL = "-O";
				VALIDATE_PRODUCT = YES;
			};
			name = Release;
		};
		BB05EF50226CA691002BB5C8 /* Debug */ = {
			isa = XCBuildConfiguration;
			baseConfigurationReference = 4E0A2D138FBB13C7E5F8C4FC /* Pods-TinderFirestore.debug.xcconfig */;
			buildSettings = {
				ASSETCATALOG_COMPILER_APPICON_NAME = AppIcon;
				CODE_SIGN_STYLE = Automatic;
				DEVELOPMENT_TEAM = S84499JSPL;
				INFOPLIST_FILE = TinderFirestore/Info.plist;
				LD_RUNPATH_SEARCH_PATHS = (
					"$(inherited)",
					"@executable_path/Frameworks",
				);
				PRODUCT_BUNDLE_IDENTIFIER = com.franknfjr.TinderFirestore;
				PRODUCT_NAME = "$(TARGET_NAME)";
				SWIFT_VERSION = 5.0;
				TARGETED_DEVICE_FAMILY = "1,2";
			};
			name = Debug;
		};
		BB05EF51226CA691002BB5C8 /* Release */ = {
			isa = XCBuildConfiguration;
			baseConfigurationReference = 5403E03C69C111256385F42B /* Pods-TinderFirestore.release.xcconfig */;
			buildSettings = {
				ASSETCATALOG_COMPILER_APPICON_NAME = AppIcon;
				CODE_SIGN_STYLE = Automatic;
				DEVELOPMENT_TEAM = S84499JSPL;
				INFOPLIST_FILE = TinderFirestore/Info.plist;
				LD_RUNPATH_SEARCH_PATHS = (
					"$(inherited)",
					"@executable_path/Frameworks",
				);
				PRODUCT_BUNDLE_IDENTIFIER = com.franknfjr.TinderFirestore;
				PRODUCT_NAME = "$(TARGET_NAME)";
				SWIFT_VERSION = 5.0;
				TARGETED_DEVICE_FAMILY = "1,2";
			};
			name = Release;
		};
/* End XCBuildConfiguration section */

/* Begin XCConfigurationList section */
		BB05EF38226CA68F002BB5C8 /* Build configuration list for PBXProject "TinderFirestore" */ = {
			isa = XCConfigurationList;
			buildConfigurations = (
				BB05EF4D226CA691002BB5C8 /* Debug */,
				BB05EF4E226CA691002BB5C8 /* Release */,
			);
			defaultConfigurationIsVisible = 0;
			defaultConfigurationName = Release;
		};
		BB05EF4F226CA691002BB5C8 /* Build configuration list for PBXNativeTarget "TinderFirestore" */ = {
			isa = XCConfigurationList;
			buildConfigurations = (
				BB05EF50226CA691002BB5C8 /* Debug */,
				BB05EF51226CA691002BB5C8 /* Release */,
			);
			defaultConfigurationIsVisible = 0;
			defaultConfigurationName = Release;
		};
/* End XCConfigurationList section */
	};
	rootObject = BB05EF35226CA68F002BB5C8 /* Project object */;
}
