// !$*UTF8*$!
{
	archiveVersion = 1;
	classes = {
	};
	objectVersion = 50;
	objects = {

/* Begin PBXBuildFile section */
		BB01D781226DEC58004FCB5C /* HomeBottomControlsStackView.swift in Sources */ = {isa = PBXBuildFile; fileRef = BB01D780226DEC58004FCB5C /* HomeBottomControlsStackView.swift */; };
		BB01D783226DF3D4004FCB5C /* TopNavigationStackView.swift in Sources */ = {isa = PBXBuildFile; fileRef = BB01D782226DF3D4004FCB5C /* TopNavigationStackView.swift */; };
		BB01D785226DFC8A004FCB5C /* CardView.swift in Sources */ = {isa = PBXBuildFile; fileRef = BB01D784226DFC8A004FCB5C /* CardView.swift */; };
		BB05EF41226CA68F002BB5C8 /* AppDelegate.swift in Sources */ = {isa = PBXBuildFile; fileRef = BB05EF40226CA68F002BB5C8 /* AppDelegate.swift */; };
		BB05EF43226CA68F002BB5C8 /* HomeController.swift in Sources */ = {isa = PBXBuildFile; fileRef = BB05EF42226CA68F002BB5C8 /* HomeController.swift */; };
		BB05EF46226CA68F002BB5C8 /* Main.storyboard in Resources */ = {isa = PBXBuildFile; fileRef = BB05EF44226CA68F002BB5C8 /* Main.storyboard */; };
		BB05EF48226CA691002BB5C8 /* Assets.xcassets in Resources */ = {isa = PBXBuildFile; fileRef = BB05EF47226CA691002BB5C8 /* Assets.xcassets */; };
		BB05EF4B226CA691002BB5C8 /* LaunchScreen.storyboard in Resources */ = {isa = PBXBuildFile; fileRef = BB05EF49226CA691002BB5C8 /* LaunchScreen.storyboard */; };
		BB05EF54226CA9FB002BB5C8 /* Extensions.swift in Sources */ = {isa = PBXBuildFile; fileRef = BB05EF53226CA9FB002BB5C8 /* Extensions.swift */; };
		BB0632DF226EAC06006E647A /* User.swift in Sources */ = {isa = PBXBuildFile; fileRef = BB0632DE226EAC06006E647A /* User.swift */; };
/* End PBXBuildFile section */

/* Begin PBXFileReference section */
		BB01D780226DEC58004FCB5C /* HomeBottomControlsStackView.swift */ = {isa = PBXFileReference; lastKnownFileType = sourcecode.swift; path = HomeBottomControlsStackView.swift; sourceTree = "<group>"; };
		BB01D782226DF3D4004FCB5C /* TopNavigationStackView.swift */ = {isa = PBXFileReference; lastKnownFileType = sourcecode.swift; path = TopNavigationStackView.swift; sourceTree = "<group>"; };
		BB01D784226DFC8A004FCB5C /* CardView.swift */ = {isa = PBXFileReference; lastKnownFileType = sourcecode.swift; path = CardView.swift; sourceTree = "<group>"; };
		BB05EF3D226CA68F002BB5C8 /* TinderFirestore.app */ = {isa = PBXFileReference; explicitFileType = wrapper.application; includeInIndex = 0; path = TinderFirestore.app; sourceTree = BUILT_PRODUCTS_DIR; };
		BB05EF40226CA68F002BB5C8 /* AppDelegate.swift */ = {isa = PBXFileReference; lastKnownFileType = sourcecode.swift; path = AppDelegate.swift; sourceTree = "<group>"; };
		BB05EF42226CA68F002BB5C8 /* HomeController.swift */ = {isa = PBXFileReference; lastKnownFileType = sourcecode.swift; path = HomeController.swift; sourceTree = "<group>"; };
		BB05EF45226CA68F002BB5C8 /* Base */ = {isa = PBXFileReference; lastKnownFileType = file.storyboard; name = Base; path = Base.lproj/Main.storyboard; sourceTree = "<group>"; };
		BB05EF47226CA691002BB5C8 /* Assets.xcassets */ = {isa = PBXFileReference; lastKnownFileType = folder.assetcatalog; path = Assets.xcassets; sourceTree = "<group>"; };
		BB05EF4A226CA691002BB5C8 /* Base */ = {isa = PBXFileReference; lastKnownFileType = file.storyboard; name = Base; path = Base.lproj/LaunchScreen.storyboard; sourceTree = "<group>"; };
		BB05EF4C226CA691002BB5C8 /* Info.plist */ = {isa = PBXFileReference; lastKnownFileType = text.plist.xml; path = Info.plist; sourceTree = "<group>"; };
		BB05EF53226CA9FB002BB5C8 /* Extensions.swift */ = {isa = PBXFileReference; lastKnownFileType = sourcecode.swift; path = Extensions.swift; sourceTree = "<group>"; };
		BB0632DE226EAC06006E647A /* User.swift */ = {isa = PBXFileReference; lastKnownFileType = sourcecode.swift; path = User.swift; sourceTree = "<group>"; };
/* End PBXFileReference section */

/* Begin PBXFrameworksBuildPhase section */
		BB05EF3A226CA68F002BB5C8 /* Frameworks */ = {
			isa = PBXFrameworksBuildPhase;
			buildActionMask = 2147483647;
			files = (
			);
			runOnlyForDeploymentPostprocessing = 0;
		};
/* End PBXFrameworksBuildPhase section */

/* Begin PBXGroup section */
		BB01D77F226DEC1F004FCB5C /* Views */ = {
			isa = PBXGroup;
			children = (
				BB01D780226DEC58004FCB5C /* HomeBottomControlsStackView.swift */,
				BB01D782226DF3D4004FCB5C /* TopNavigationStackView.swift */,
				BB01D784226DFC8A004FCB5C /* CardView.swift */,
			);
			path = Views;
			sourceTree = "<group>";
		};
		BB05EF34226CA68F002BB5C8 = {
			isa = PBXGroup;
			children = (
				BB05EF3F226CA68F002BB5C8 /* TinderFirestore */,
				BB05EF3E226CA68F002BB5C8 /* Products */,
			);
			sourceTree = "<group>";
		};
		BB05EF3E226CA68F002BB5C8 /* Products */ = {
			isa = PBXGroup;
			children = (
				BB05EF3D226CA68F002BB5C8 /* TinderFirestore.app */,
			);
			name = Products;
			sourceTree = "<group>";
		};
		BB05EF3F226CA68F002BB5C8 /* TinderFirestore */ = {
			isa = PBXGroup;
			children = (
				BB0632DD226EABF5006E647A /* Model */,
				BB01D77F226DEC1F004FCB5C /* Views */,
				BB05EF52226CA9C7002BB5C8 /* Extensions */,
				BB05EF40226CA68F002BB5C8 /* AppDelegate.swift */,
				BB05EF42226CA68F002BB5C8 /* HomeController.swift */,
				BB05EF44226CA68F002BB5C8 /* Main.storyboard */,
				BB05EF47226CA691002BB5C8 /* Assets.xcassets */,
				BB05EF49226CA691002BB5C8 /* LaunchScreen.storyboard */,
				BB05EF4C226CA691002BB5C8 /* Info.plist */,
			);
			path = TinderFirestore;
			sourceTree = "<group>";
		};
		BB05EF52226CA9C7002BB5C8 /* Extensions */ = {
			isa = PBXGroup;
			children = (
				BB05EF53226CA9FB002BB5C8 /* Extensions.swift */,
			);
			path = Extensions;
			sourceTree = "<group>";
		};
		BB0632DD226EABF5006E647A /* Model */ = {
			isa = PBXGroup;
			children = (
				BB0632DE226EAC06006E647A /* User.swift */,
			);
			path = Model;
			sourceTree = "<group>";
		};
/* End PBXGroup section */

/* Begin PBXNativeTarget section */
		BB05EF3C226CA68F002BB5C8 /* TinderFirestore */ = {
			isa = PBXNativeTarget;
			buildConfigurationList = BB05EF4F226CA691002BB5C8 /* Build configuration list for PBXNativeTarget "TinderFirestore" */;
			buildPhases = (
				BB05EF39226CA68F002BB5C8 /* Sources */,
				BB05EF3A226CA68F002BB5C8 /* Frameworks */,
				BB05EF3B226CA68F002BB5C8 /* Resources */,
			);
			buildRules = (
			);
			dependencies = (
			);
			name = TinderFirestore;
			productName = TinderFirestore;
			productReference = BB05EF3D226CA68F002BB5C8 /* TinderFirestore.app */;
			productType = "com.apple.product-type.application";
		};
/* End PBXNativeTarget section */

/* Begin PBXProject section */
		BB05EF35226CA68F002BB5C8 /* Project object */ = {
			isa = PBXProject;
			attributes = {
				LastSwiftUpdateCheck = 1020;
				LastUpgradeCheck = 1020;
				ORGANIZATIONNAME = "Frank Ferreira";
				TargetAttributes = {
					BB05EF3C226CA68F002BB5C8 = {
						CreatedOnToolsVersion = 10.2.1;
					};
				};
			};
			buildConfigurationList = BB05EF38226CA68F002BB5C8 /* Build configuration list for PBXProject "TinderFirestore" */;
			compatibilityVersion = "Xcode 9.3";
			developmentRegion = en;
			hasScannedForEncodings = 0;
			knownRegions = (
				en,
				Base,
			);
			mainGroup = BB05EF34226CA68F002BB5C8;
			productRefGroup = BB05EF3E226CA68F002BB5C8 /* Products */;
			projectDirPath = "";
			projectRoot = "";
			targets = (
				BB05EF3C226CA68F002BB5C8 /* TinderFirestore */,
			);
		};
/* End PBXProject section */

/* Begin PBXResourcesBuildPhase section */
		BB05EF3B226CA68F002BB5C8 /* Resources */ = {
			isa = PBXResourcesBuildPhase;
			buildActionMask = 2147483647;
			files = (
				BB05EF4B226CA691002BB5C8 /* LaunchScreen.storyboard in Resources */,
				BB05EF48226CA691002BB5C8 /* Assets.xcassets in Resources */,
				BB05EF46226CA68F002BB5C8 /* Main.storyboard in Resources */,
			);
			runOnlyForDeploymentPostprocessing = 0;
		};
/* End PBXResourcesBuildPhase section */

/* Begin PBXSourcesBuildPhase section */
		BB05EF39226CA68F002BB5C8 /* Sources */ = {
			isa = PBXSourcesBuildPhase;
			buildActionMask = 2147483647;
			files = (
				BB05EF43226CA68F002BB5C8 /* HomeController.swift in Sources */,
				BB01D781226DEC58004FCB5C /* HomeBottomControlsStackView.swift in Sources */,
				BB05EF54226CA9FB002BB5C8 /* Extensions.swift in Sources */,
				BB05EF41226CA68F002BB5C8 /* AppDelegate.swift in Sources */,
				BB01D785226DFC8A004FCB5C /* CardView.swift in Sources */,
				BB01D783226DF3D4004FCB5C /* TopNavigationStackView.swift in Sources */,
				BB0632DF226EAC06006E647A /* User.swift in Sources */,
			);
			runOnlyForDeploymentPostprocessing = 0;
		};
/* End PBXSourcesBuildPhase section */

/* Begin PBXVariantGroup section */
		BB05EF44226CA68F002BB5C8 /* Main.storyboard */ = {
			isa = PBXVariantGroup;
			children = (
				BB05EF45226CA68F002BB5C8 /* Base */,
			);
			name = Main.storyboard;
			sourceTree = "<group>";
		};
		BB05EF49226CA691002BB5C8 /* LaunchScreen.storyboard */ = {
			isa = PBXVariantGroup;
			children = (
				BB05EF4A226CA691002BB5C8 /* Base */,
			);
			name = LaunchScreen.storyboard;
			sourceTree = "<group>";
		};
/* End PBXVariantGroup section */

/* Begin XCBuildConfiguration section */
		BB05EF4D226CA691002BB5C8 /* Debug */ = {
			isa = XCBuildConfiguration;
			buildSettings = {
				ALWAYS_SEARCH_USER_PATHS = NO;
				CLANG_ANALYZER_NONNULL = YES;
				CLANG_ANALYZER_NUMBER_OBJECT_CONVERSION = YES_AGGRESSIVE;
				CLANG_CXX_LANGUAGE_STANDARD = "gnu++14";
				CLANG_CXX_LIBRARY = "libc++";
				CLANG_ENABLE_MODULES = YES;
				CLANG_ENABLE_OBJC_ARC = YES;
				CLANG_ENABLE_OBJC_WEAK = YES;
				CLANG_WARN_BLOCK_CAPTURE_AUTORELEASING = YES;
				CLANG_WARN_BOOL_CONVERSION = YES;
				CLANG_WARN_COMMA = YES;
				CLANG_WARN_CONSTANT_CONVERSION = YES;
				CLANG_WARN_DEPRECATED_OBJC_IMPLEMENTATIONS = YES;
				CLANG_WARN_DIRECT_OBJC_ISA_USAGE = YES_ERROR;
				CLANG_WARN_DOCUMENTATION_COMMENTS = YES;
				CLANG_WARN_EMPTY_BODY = YES;
				CLANG_WARN_ENUM_CONVERSION = YES;
				CLANG_WARN_INFINITE_RECURSION = YES;
				CLANG_WARN_INT_CONVERSION = YES;
				CLANG_WARN_NON_LITERAL_NULL_CONVERSION = YES;
				CLANG_WARN_OBJC_IMPLICIT_RETAIN_SELF = YES;
				CLANG_WARN_OBJC_LITERAL_CONVERSION = YES;
				CLANG_WARN_OBJC_ROOT_CLASS = YES_ERROR;
				CLANG_WARN_RANGE_LOOP_ANALYSIS = YES;
				CLANG_WARN_STRICT_PROTOTYPES = YES;
				CLANG_WARN_SUSPICIOUS_MOVE = YES;
				CLANG_WARN_UNGUARDED_AVAILABILITY = YES_AGGRESSIVE;
				CLANG_WARN_UNREACHABLE_CODE = YES;
				CLANG_WARN__DUPLICATE_METHOD_MATCH = YES;
				CODE_SIGN_IDENTITY = "iPhone Developer";
				COPY_PHASE_STRIP = NO;
				DEBUG_INFORMATION_FORMAT = dwarf;
				ENABLE_STRICT_OBJC_MSGSEND = YES;
				ENABLE_TESTABILITY = YES;
				GCC_C_LANGUAGE_STANDARD = gnu11;
				GCC_DYNAMIC_NO_PIC = NO;
				GCC_NO_COMMON_BLOCKS = YES;
				GCC_OPTIMIZATION_LEVEL = 0;
				GCC_PREPROCESSOR_DEFINITIONS = (
					"DEBUG=1",
					"$(inherited)",
				);
				GCC_WARN_64_TO_32_BIT_CONVERSION = YES;
				GCC_WARN_ABOUT_RETURN_TYPE = YES_ERROR;
				GCC_WARN_UNDECLARED_SELECTOR = YES;
				GCC_WARN_UNINITIALIZED_AUTOS = YES_AGGRESSIVE;
				GCC_WARN_UNUSED_FUNCTION = YES;
				GCC_WARN_UNUSED_VARIABLE = YES;
				IPHONEOS_DEPLOYMENT_TARGET = 12.2;
				MTL_ENABLE_DEBUG_INFO = INCLUDE_SOURCE;
				MTL_FAST_MATH = YES;
				ONLY_ACTIVE_ARCH = YES;
				SDKROOT = iphoneos;
				SWIFT_ACTIVE_COMPILATION_CONDITIONS = DEBUG;
				SWIFT_OPTIMIZATION_LEVEL = "-Onone";
			};
			name = Debug;
		};
		BB05EF4E226CA691002BB5C8 /* Release */ = {
			isa = XCBuildConfiguration;
			buildSettings = {
				ALWAYS_SEARCH_USER_PATHS = NO;
				CLANG_ANALYZER_NONNULL = YES;
				CLANG_ANALYZER_NUMBER_OBJECT_CONVERSION = YES_AGGRESSIVE;
				CLANG_CXX_LANGUAGE_STANDARD = "gnu++14";
				CLANG_CXX_LIBRARY = "libc++";
				CLANG_ENABLE_MODULES = YES;
				CLANG_ENABLE_OBJC_ARC = YES;
				CLANG_ENABLE_OBJC_WEAK = YES;
				CLANG_WARN_BLOCK_CAPTURE_AUTORELEASING = YES;
				CLANG_WARN_BOOL_CONVERSION = YES;
				CLANG_WARN_COMMA = YES;
				CLANG_WARN_CONSTANT_CONVERSION = YES;
				CLANG_WARN_DEPRECATED_OBJC_IMPLEMENTATIONS = YES;
				CLANG_WARN_DIRECT_OBJC_ISA_USAGE = YES_ERROR;
				CLANG_WARN_DOCUMENTATION_COMMENTS = YES;
				CLANG_WARN_EMPTY_BODY = YES;
				CLANG_WARN_ENUM_CONVERSION = YES;
				CLANG_WARN_INFINITE_RECURSION = YES;
				CLANG_WARN_INT_CONVERSION = YES;
				CLANG_WARN_NON_LITERAL_NULL_CONVERSION = YES;
				CLANG_WARN_OBJC_IMPLICIT_RETAIN_SELF = YES;
				CLANG_WARN_OBJC_LITERAL_CONVERSION = YES;
				CLANG_WARN_OBJC_ROOT_CLASS = YES_ERROR;
				CLANG_WARN_RANGE_LOOP_ANALYSIS = YES;
				CLANG_WARN_STRICT_PROTOTYPES = YES;
				CLANG_WARN_SUSPICIOUS_MOVE = YES;
				CLANG_WARN_UNGUARDED_AVAILABILITY = YES_AGGRESSIVE;
				CLANG_WARN_UNREACHABLE_CODE = YES;
				CLANG_WARN__DUPLICATE_METHOD_MATCH = YES;
				CODE_SIGN_IDENTITY = "iPhone Developer";
				COPY_PHASE_STRIP = NO;
				DEBUG_INFORMATION_FORMAT = "dwarf-with-dsym";
				ENABLE_NS_ASSERTIONS = NO;
				ENABLE_STRICT_OBJC_MSGSEND = YES;
				GCC_C_LANGUAGE_STANDARD = gnu11;
				GCC_NO_COMMON_BLOCKS = YES;
				GCC_WARN_64_TO_32_BIT_CONVERSION = YES;
				GCC_WARN_ABOUT_RETURN_TYPE = YES_ERROR;
				GCC_WARN_UNDECLARED_SELECTOR = YES;
				GCC_WARN_UNINITIALIZED_AUTOS = YES_AGGRESSIVE;
				GCC_WARN_UNUSED_FUNCTION = YES;
				GCC_WARN_UNUSED_VARIABLE = YES;
				IPHONEOS_DEPLOYMENT_TARGET = 12.2;
				MTL_ENABLE_DEBUG_INFO = NO;
				MTL_FAST_MATH = YES;
				SDKROOT = iphoneos;
				SWIFT_COMPILATION_MODE = wholemodule;
				SWIFT_OPTIMIZATION_LEVEL = "-O";
				VALIDATE_PRODUCT = YES;
			};
			name = Release;
		};
		BB05EF50226CA691002BB5C8 /* Debug */ = {
			isa = XCBuildConfiguration;
			buildSettings = {
				ASSETCATALOG_COMPILER_APPICON_NAME = AppIcon;
				CODE_SIGN_STYLE = Automatic;
				DEVELOPMENT_TEAM = S84499JSPL;
				INFOPLIST_FILE = TinderFirestore/Info.plist;
				LD_RUNPATH_SEARCH_PATHS = (
					"$(inherited)",
					"@executable_path/Frameworks",
				);
				PRODUCT_BUNDLE_IDENTIFIER = com.franknfjr.TinderFirestore;
				PRODUCT_NAME = "$(TARGET_NAME)";
				SWIFT_VERSION = 5.0;
				TARGETED_DEVICE_FAMILY = "1,2";
			};
			name = Debug;
		};
		BB05EF51226CA691002BB5C8 /* Release */ = {
			isa = XCBuildConfiguration;
			buildSettings = {
				ASSETCATALOG_COMPILER_APPICON_NAME = AppIcon;
				CODE_SIGN_STYLE = Automatic;
				DEVELOPMENT_TEAM = S84499JSPL;
				INFOPLIST_FILE = TinderFirestore/Info.plist;
				LD_RUNPATH_SEARCH_PATHS = (
					"$(inherited)",
					"@executable_path/Frameworks",
				);
				PRODUCT_BUNDLE_IDENTIFIER = com.franknfjr.TinderFirestore;
				PRODUCT_NAME = "$(TARGET_NAME)";
				SWIFT_VERSION = 5.0;
				TARGETED_DEVICE_FAMILY = "1,2";
			};
			name = Release;
		};
/* End XCBuildConfiguration section */

/* Begin XCConfigurationList section */
		BB05EF38226CA68F002BB5C8 /* Build configuration list for PBXProject "TinderFirestore" */ = {
			isa = XCConfigurationList;
			buildConfigurations = (
				BB05EF4D226CA691002BB5C8 /* Debug */,
				BB05EF4E226CA691002BB5C8 /* Release */,
			);
			defaultConfigurationIsVisible = 0;
			defaultConfigurationName = Release;
		};
		BB05EF4F226CA691002BB5C8 /* Build configuration list for PBXNativeTarget "TinderFirestore" */ = {
			isa = XCConfigurationList;
			buildConfigurations = (
				BB05EF50226CA691002BB5C8 /* Debug */,
				BB05EF51226CA691002BB5C8 /* Release */,
			);
			defaultConfigurationIsVisible = 0;
			defaultConfigurationName = Release;
		};
/* End XCConfigurationList section */
	};
	rootObject = BB05EF35226CA68F002BB5C8 /* Project object */;
}
